{
  "name": "safe-backup",
  "version": "1.2.6",
  "lockfileVersion": 1,
  "requires": true,
  "dependencies": {
    "@types/node": {
      "version": "13.1.8",
      "resolved": "https://registry.npmjs.org/@types/node/-/node-13.1.8.tgz",
      "integrity": "sha512-6XzyyNM9EKQW4HKuzbo/CkOIjn/evtCmsU+MUM1xDfJ+3/rNjBttM1NgN7AOQvN6tP1Sl1D1PIKMreTArnxM9A==",
      "dev": true
    },
    "appdata-path": {
      "version": "1.0.0",
      "resolved": "https://registry.npmjs.org/appdata-path/-/appdata-path-1.0.0.tgz",
      "integrity": "sha512-ZbH3ezXfnT/YE3NdqduIt4lBV+H0ybvA2Qx3K76gIjQvh8gROpDFdDLpx6B1QJtW7zxisCbpTlCLhKqoR8cDBw=="
    },
    "cli-params": {
      "version": "1.2.1",
      "resolved": "https://registry.npmjs.org/cli-params/-/cli-params-1.2.1.tgz",
      "integrity": "sha512-+rkh2y4j3nUSnk4tr65zpZ0saGZ/B+R2tgW3GD3a6+a5HTzEorpP3Yt9ZwOwkUkj0Qzhn6CMsTARkOH6osft+Q=="
    },
    "cluster-ipc-logger": {
      "version": "1.1.7",
      "resolved": "https://registry.npmjs.org/cluster-ipc-logger/-/cluster-ipc-logger-1.1.7.tgz",
      "integrity": "sha512-/fDH2+QrNzeR7EdFiHAneufnPJfuH4/YS12nCIlORE21NFgGB9sNqBKdE/TMS1jL348c9q9E226t93gHPMCSkw==",
      "requires": {
        "fast-ipc": "^1.0.6",
        "recurdir": "^1.0.5"
      }
    },
    "fast-ipc": {
      "version": "1.0.8",
      "resolved": "https://registry.npmjs.org/fast-ipc/-/fast-ipc-1.0.8.tgz",
      "integrity": "sha512-erHFaMhwrVbcqLyU8QLOdpQMUKHy3t+IpPg913lWDTpBBuirKbyOFwguonfnpWVzh0G2dbV3Pxwb91w5aea7vA==",
      "requires": {
        "fast-unique-id": "^1.1.0"
      }
    },
    "fast-unique-id": {
      "version": "1.1.1",
      "resolved": "https://registry.npmjs.org/fast-unique-id/-/fast-unique-id-1.1.1.tgz",
      "integrity": "sha512-eOt93mQx9tbegXt3e/ZlRjLBEmn0jnbY3VgFl8aU3bcmN71vig1jBIfdbFS8FUTIq13jZgdinbMAE2i5hRajOw=="
    },
    "physical-cores": {
      "version": "1.0.2",
      "resolved": "https://registry.npmjs.org/physical-cores/-/physical-cores-1.0.2.tgz",
      "integrity": "sha512-kqp+Jlw9wWn8Ft8vt1ByWeZSkGizu4k5NCs8tLuYh25Y9sHejBmTgCKx2TEY65DOT0Dh7wqEHeA3dHB208vjtw=="
    },
    "recurdir": {
      "version": "1.0.9",
      "resolved": "https://registry.npmjs.org/recurdir/-/recurdir-1.0.9.tgz",
      "integrity": "sha512-v2QopICs0WpWi3M0xuXs7OadrfwLiu50w0Bis7z+3Nf9JOxzpqcJQ+TLjbovmkOhzdCDhsz8pnVdV3iyaXQkzw=="
    },
    "simple-regex-toolkit": {
      "version": "1.0.3",
      "resolved": "https://registry.npmjs.org/simple-regex-toolkit/-/simple-regex-toolkit-1.0.3.tgz",
      "integrity": "sha512-vTVjKPb1sZRAHcnJJEZvbHmMo5hdCeRg7Tnm7ONG+4pcBsXxXLg9cTD+fHBe/AvKKrG5ViXvvOuyxUrFrpJXkw=="
    },
    "startup-update-check": {
      "version": "1.0.1",
      "resolved": "https://registry.npmjs.org/startup-update-check/-/startup-update-check-1.0.1.tgz",
      "integrity": "sha512-NYdvJQHIc34+y+zE0/CrC82fM42tGA2XMZHG8cL7lEfqCcUuFY8GGTiyVzKeM4DA9JoLdMiIGMQNUa9/pGJD8g==",
      "requires": {
        "semver": "^7.1.1"
      },
      "dependencies": {
        "semver": {
          "version": "7.1.1",
          "resolved": "https://registry.npmjs.org/semver/-/semver-7.1.1.tgz",
          "integrity": "sha512-WfuG+fl6eh3eZ2qAf6goB7nhiCd7NPXhmyFxigB/TOkQyeLP8w8GsVehvtGNtnNmyboz4TgeK40B1Kbql/8c5A=="
        }
      }
    },
    "worker-communication": {
      "version": "1.0.4",
      "resolved": "https://registry.npmjs.org/worker-communication/-/worker-communication-1.0.4.tgz",
      "integrity": "sha512-WA2BReIDw4bz4Epbi1eU8SMJPJ4E8HzDOPHUrqUEjZwyf9D6Rrz2jMzRhznHJ5JC5et4YBJ5W9NQ5tnUGMAe5g==",
      "requires": {
        "fast-unique-id": "^1.1.0"
      }
    }
  }
}
